
Microsoft Visual Studio Solution File, Format Version 12.00
# Visual Studio Version 17
VisualStudioVersion = 17.1.32228.430
MinimumVisualStudioVersion = 10.0.40219.1
Project("{FAE04EC0-301F-11D3-BF4B-00C04F79EFBC}") = "Unity_MLAgents_APIService", "Unity_MLAgents_APIService\Unity_MLAgents_APIService.csproj", "{6BC80C21-0567-408D-BAA9-4B5310A01BD8}"
EndProject
Project("{FAE04EC0-301F-11D3-BF4B-00C04F79EFBC}") = "MLAgent.Shared", "MLAgent.Shared\MLAgent.Shared.csproj", "{CD802EFA-E86C-4885-A46B-19493430FFFC}"
EndProject
Global
	GlobalSection(SolutionConfigurationPlatforms) = preSolution
		Debug|Any CPU = Debug|Any CPU
		Release|Any CPU = Release|Any CPU
	EndGlobalSection
	GlobalSection(ProjectConfigurationPlatforms) = postSolution
		{6BC80C21-0567-408D-BAA9-4B5310A01BD8}.Debug|Any CPU.ActiveCfg = Debug|Any CPU
		{6BC80C21-0567-408D-BAA9-4B5310A01BD8}.Debug|Any CPU.Build.0 = Debug|Any CPU
		{6BC80C21-0567-408D-BAA9-4B5310A01BD8}.Release|Any CPU.ActiveCfg = Release|Any CPU
		{6BC80C21-0567-408D-BAA9-4B5310A01BD8}.Release|Any CPU.Build.0 = Release|Any CPU
		{CD802EFA-E86C-4885-A46B-19493430FFFC}.Debug|Any CPU.ActiveCfg = Debug|Any CPU
		{CD802EFA-E86C-4885-A46B-19493430FFFC}.Debug|Any CPU.Build.0 = Debug|Any CPU
		{CD802EFA-E86C-4885-A46B-19493430FFFC}.Release|Any CPU.ActiveCfg = Release|Any CPU
		{CD802EFA-E86C-4885-A46B-19493430FFFC}.Release|Any CPU.Build.0 = Release|Any CPU
	EndGlobalSection
	GlobalSection(SolutionProperties) = preSolution
		HideSolutionNode = FALSE
	EndGlobalSection
	GlobalSection(ExtensibilityGlobals) = postSolution
		SolutionGuid = {971C15F0-BFF4-49F0-BF61-6F285D5461DE}
	EndGlobalSection
EndGlobal
